
Microsoft Visual Studio Solution File, Format Version 12.00
# Visual Studio Version 16
VisualStudioVersion = 16.0.30621.155
MinimumVisualStudioVersion = 10.0.40219.1
Project("{FAE04EC0-301F-11D3-BF4B-00C04F79EFBC}") = "BusinessCalc", "BusinessCalc\BusinessCalc.csproj", "{1E59EED8-D30E-4718-8959-9A8734A3AEDE}"
EndProject
Global
	GlobalSection(SolutionConfigurationPlatforms) = preSolution
		Debug|Any CPU = Debug|Any CPU
		Release|Any CPU = Release|Any CPU
	EndGlobalSection
	GlobalSection(ProjectConfigurationPlatforms) = postSolution
		{1E59EED8-D30E-4718-8959-9A8734A3AEDE}.Debug|Any CPU.ActiveCfg = Debug|Any CPU
		{1E59EED8-D30E-4718-8959-9A8734A3AEDE}.Debug|Any CPU.Build.0 = Debug|Any CPU
		{1E59EED8-D30E-4718-8959-9A8734A3AEDE}.Release|Any CPU.ActiveCfg = Release|Any CPU
		{1E59EED8-D30E-4718-8959-9A8734A3AEDE}.Release|Any CPU.Build.0 = Release|Any CPU
	EndGlobalSection
	GlobalSection(SolutionProperties) = preSolution
		HideSolutionNode = FALSE
	EndGlobalSection
	GlobalSection(ExtensibilityGlobals) = postSolution
		SolutionGuid = {D5C3E716-8588-4071-844A-175B739D89E4}
	EndGlobalSection
EndGlobal
